
Microsoft Visual Studio Solution File, Format Version 12.00
# Visual Studio 15
VisualStudioVersion = 15.0.27130.2010
MinimumVisualStudioVersion = 10.0.40219.1
Project("{FAE04EC0-301F-11D3-BF4B-00C04F79EFBC}") = "WebJob1", "WebJob1\WebJob1.csproj", "{15917743-4C93-4DF7-90E7-52B2FC6C55CC}"
EndProject
Global
	GlobalSection(SolutionConfigurationPlatforms) = preSolution
		Debug|Any CPU = Debug|Any CPU
		Release|Any CPU = Release|Any CPU
	EndGlobalSection
	GlobalSection(ProjectConfigurationPlatforms) = postSolution
		{15917743-4C93-4DF7-90E7-52B2FC6C55CC}.Debug|Any CPU.ActiveCfg = Debug|Any CPU
		{15917743-4C93-4DF7-90E7-52B2FC6C55CC}.Debug|Any CPU.Build.0 = Debug|Any CPU
		{15917743-4C93-4DF7-90E7-52B2FC6C55CC}.Release|Any CPU.ActiveCfg = Release|Any CPU
		{15917743-4C93-4DF7-90E7-52B2FC6C55CC}.Release|Any CPU.Build.0 = Release|Any CPU
	EndGlobalSection
	GlobalSection(SolutionProperties) = preSolution
		HideSolutionNode = FALSE
	EndGlobalSection
	GlobalSection(ExtensibilityGlobals) = postSolution
		SolutionGuid = {D62C6BD8-AD34-46FE-A1F2-7EDAB11A59D1}
	EndGlobalSection
EndGlobal
